
Microsoft Visual Studio Solution File, Format Version 12.00
# Visual Studio 2013
VisualStudioVersion = 12.0.21005.1
MinimumVisualStudioVersion = 10.0.40219.1
Project("{6141683F-8A12-4E36-9623-2EB02B2C2303}") = "Setup3", "Setup3\Setup3.isproj", "{24DC1217-005E-4F3B-A524-8DD60E5F9263}"
EndProject
Global
	GlobalSection(SolutionConfigurationPlatforms) = preSolution
		CD_ROM|Default = CD_ROM|Default
		DVD-5|Default = DVD-5|Default
		SingleImage|Default = SingleImage|Default
	EndGlobalSection
	GlobalSection(ProjectConfigurationPlatforms) = postSolution
		{24DC1217-005E-4F3B-A524-8DD60E5F9263}.CD_ROM|Default.ActiveCfg = CD_ROM
		{24DC1217-005E-4F3B-A524-8DD60E5F9263}.CD_ROM|Default.Build.0 = CD_ROM
		{24DC1217-005E-4F3B-A524-8DD60E5F9263}.DVD-5|Default.ActiveCfg = DVD-5
		{24DC1217-005E-4F3B-A524-8DD60E5F9263}.DVD-5|Default.Build.0 = DVD-5
		{24DC1217-005E-4F3B-A524-8DD60E5F9263}.SingleImage|Default.ActiveCfg = SingleImage
		{24DC1217-005E-4F3B-A524-8DD60E5F9263}.SingleImage|Default.Build.0 = SingleImage
	EndGlobalSection
	GlobalSection(SolutionProperties) = preSolution
		HideSolutionNode = FALSE
	EndGlobalSection
EndGlobal
